
Microsoft Visual Studio Solution File, Format Version 12.00
# Visual Studio Version 16
VisualStudioVersion = 16.0.31624.102
MinimumVisualStudioVersion = 10.0.40219.1
Project("{8BC9CEB8-8B4A-11D0-8D11-00A0C91BC942}") = "ugrepclient", "ugrepclient\ugrepclient.vcxproj", "{FF2E6EC1-89FF-4188-979C-34B5F6BF57EF}"
EndProject
Project("{8BC9CEB8-8B4A-11D0-8D11-00A0C91BC942}") = "ugrepserver", "ugrepserver\ugrepserver.vcxproj", "{867E1FD2-EC55-4F11-A260-EF5D363E585D}"
EndProject
Global
	GlobalSection(SolutionConfigurationPlatforms) = preSolution
		Debug|x64 = Debug|x64
		Debug|x86 = Debug|x86
		Release|x64 = Release|x64
		Release|x86 = Release|x86
	EndGlobalSection
	GlobalSection(ProjectConfigurationPlatforms) = postSolution
		{FF2E6EC1-89FF-4188-979C-34B5F6BF57EF}.Debug|x64.ActiveCfg = Debug|x64
		{FF2E6EC1-89FF-4188-979C-34B5F6BF57EF}.Debug|x64.Build.0 = Debug|x64
		{FF2E6EC1-89FF-4188-979C-34B5F6BF57EF}.Debug|x86.ActiveCfg = Debug|Win32
		{FF2E6EC1-89FF-4188-979C-34B5F6BF57EF}.Debug|x86.Build.0 = Debug|Win32
		{FF2E6EC1-89FF-4188-979C-34B5F6BF57EF}.Release|x64.ActiveCfg = Release|x64
		{FF2E6EC1-89FF-4188-979C-34B5F6BF57EF}.Release|x64.Build.0 = Release|x64
		{FF2E6EC1-89FF-4188-979C-34B5F6BF57EF}.Release|x86.ActiveCfg = Release|Win32
		{FF2E6EC1-89FF-4188-979C-34B5F6BF57EF}.Release|x86.Build.0 = Release|Win32
		{867E1FD2-EC55-4F11-A260-EF5D363E585D}.Debug|x64.ActiveCfg = Debug|x64
		{867E1FD2-EC55-4F11-A260-EF5D363E585D}.Debug|x64.Build.0 = Debug|x64
		{867E1FD2-EC55-4F11-A260-EF5D363E585D}.Debug|x86.ActiveCfg = Debug|Win32
		{867E1FD2-EC55-4F11-A260-EF5D363E585D}.Debug|x86.Build.0 = Debug|Win32
		{867E1FD2-EC55-4F11-A260-EF5D363E585D}.Release|x64.ActiveCfg = Release|x64
		{867E1FD2-EC55-4F11-A260-EF5D363E585D}.Release|x64.Build.0 = Release|x64
		{867E1FD2-EC55-4F11-A260-EF5D363E585D}.Release|x86.ActiveCfg = Release|Win32
		{867E1FD2-EC55-4F11-A260-EF5D363E585D}.Release|x86.Build.0 = Release|Win32
	EndGlobalSection
	GlobalSection(SolutionProperties) = preSolution
		HideSolutionNode = FALSE
	EndGlobalSection
	GlobalSection(ExtensibilityGlobals) = postSolution
		SolutionGuid = {F085DA7D-0C80-4490-BF14-F61D756B2713}
	EndGlobalSection
EndGlobal
